
Microsoft Visual Studio Solution File, Format Version 12.00
# Visual Studio 14
VisualStudioVersion = 14.0.25420.1
MinimumVisualStudioVersion = 10.0.40219.1
Project("{8BC9CEB8-8B4A-11D0-8D11-00A0C91BC942}") = "UE1", "Project1\Project1.vcxproj", "{593183F1-EF64-49FE-9722-78D1A15A53E7}"
EndProject
Project("{8BC9CEB8-8B4A-11D0-8D11-00A0C91BC942}") = "UE2", "UE2\UE2.vcxproj", "{F0366F46-BE3C-410E-B2CE-95076994BF5A}"
EndProject
Project("{8BC9CEB8-8B4A-11D0-8D11-00A0C91BC942}") = "UE3", "UE3\UE3.vcxproj", "{F6182E7F-755D-49C7-90A5-332ECC382D8D}"
EndProject
Project("{8BC9CEB8-8B4A-11D0-8D11-00A0C91BC942}") = "UE4", "UE4\UE4.vcxproj", "{F8214716-0122-4B05-B1F8-2A5F14DBAF96}"
EndProject
Project("{8BC9CEB8-8B4A-11D0-8D11-00A0C91BC942}") = "tictactoe", "tictactoe\tictactoe.vcxproj", "{EC5E0F9F-E6EF-4A7C-8A21-2E831258C0DC}"
EndProject
Global
	GlobalSection(SolutionConfigurationPlatforms) = preSolution
		Debug|x64 = Debug|x64
		Debug|x86 = Debug|x86
		Release|x64 = Release|x64
		Release|x86 = Release|x86
	EndGlobalSection
	GlobalSection(ProjectConfigurationPlatforms) = postSolution
		{593183F1-EF64-49FE-9722-78D1A15A53E7}.Debug|x64.ActiveCfg = Debug|x64
		{593183F1-EF64-49FE-9722-78D1A15A53E7}.Debug|x64.Build.0 = Debug|x64
		{593183F1-EF64-49FE-9722-78D1A15A53E7}.Debug|x86.ActiveCfg = Debug|Win32
		{593183F1-EF64-49FE-9722-78D1A15A53E7}.Debug|x86.Build.0 = Debug|Win32
		{593183F1-EF64-49FE-9722-78D1A15A53E7}.Release|x64.ActiveCfg = Release|x64
		{593183F1-EF64-49FE-9722-78D1A15A53E7}.Release|x64.Build.0 = Release|x64
		{593183F1-EF64-49FE-9722-78D1A15A53E7}.Release|x86.ActiveCfg = Release|Win32
		{593183F1-EF64-49FE-9722-78D1A15A53E7}.Release|x86.Build.0 = Release|Win32
		{F0366F46-BE3C-410E-B2CE-95076994BF5A}.Debug|x64.ActiveCfg = Debug|x64
		{F0366F46-BE3C-410E-B2CE-95076994BF5A}.Debug|x64.Build.0 = Debug|x64
		{F0366F46-BE3C-410E-B2CE-95076994BF5A}.Debug|x86.ActiveCfg = Debug|Win32
		{F0366F46-BE3C-410E-B2CE-95076994BF5A}.Debug|x86.Build.0 = Debug|Win32
		{F0366F46-BE3C-410E-B2CE-95076994BF5A}.Release|x64.ActiveCfg = Release|x64
		{F0366F46-BE3C-410E-B2CE-95076994BF5A}.Release|x64.Build.0 = Release|x64
		{F0366F46-BE3C-410E-B2CE-95076994BF5A}.Release|x86.ActiveCfg = Release|Win32
		{F0366F46-BE3C-410E-B2CE-95076994BF5A}.Release|x86.Build.0 = Release|Win32
		{F6182E7F-755D-49C7-90A5-332ECC382D8D}.Debug|x64.ActiveCfg = Debug|x64
		{F6182E7F-755D-49C7-90A5-332ECC382D8D}.Debug|x64.Build.0 = Debug|x64
		{F6182E7F-755D-49C7-90A5-332ECC382D8D}.Debug|x86.ActiveCfg = Debug|Win32
		{F6182E7F-755D-49C7-90A5-332ECC382D8D}.Debug|x86.Build.0 = Debug|Win32
		{F6182E7F-755D-49C7-90A5-332ECC382D8D}.Release|x64.ActiveCfg = Release|x64
		{F6182E7F-755D-49C7-90A5-332ECC382D8D}.Release|x64.Build.0 = Release|x64
		{F6182E7F-755D-49C7-90A5-332ECC382D8D}.Release|x86.ActiveCfg = Release|Win32
		{F6182E7F-755D-49C7-90A5-332ECC382D8D}.Release|x86.Build.0 = Release|Win32
		{F8214716-0122-4B05-B1F8-2A5F14DBAF96}.Debug|x64.ActiveCfg = Debug|x64
		{F8214716-0122-4B05-B1F8-2A5F14DBAF96}.Debug|x64.Build.0 = Debug|x64
		{F8214716-0122-4B05-B1F8-2A5F14DBAF96}.Debug|x86.ActiveCfg = Debug|Win32
		{F8214716-0122-4B05-B1F8-2A5F14DBAF96}.Debug|x86.Build.0 = Debug|Win32
		{F8214716-0122-4B05-B1F8-2A5F14DBAF96}.Release|x64.ActiveCfg = Release|x64
		{F8214716-0122-4B05-B1F8-2A5F14DBAF96}.Release|x64.Build.0 = Release|x64
		{F8214716-0122-4B05-B1F8-2A5F14DBAF96}.Release|x86.ActiveCfg = Release|Win32
		{F8214716-0122-4B05-B1F8-2A5F14DBAF96}.Release|x86.Build.0 = Release|Win32
		{EC5E0F9F-E6EF-4A7C-8A21-2E831258C0DC}.Debug|x64.ActiveCfg = Debug|x64
		{EC5E0F9F-E6EF-4A7C-8A21-2E831258C0DC}.Debug|x64.Build.0 = Debug|x64
		{EC5E0F9F-E6EF-4A7C-8A21-2E831258C0DC}.Debug|x86.ActiveCfg = Debug|Win32
		{EC5E0F9F-E6EF-4A7C-8A21-2E831258C0DC}.Debug|x86.Build.0 = Debug|Win32
		{EC5E0F9F-E6EF-4A7C-8A21-2E831258C0DC}.Release|x64.ActiveCfg = Release|x64
		{EC5E0F9F-E6EF-4A7C-8A21-2E831258C0DC}.Release|x64.Build.0 = Release|x64
		{EC5E0F9F-E6EF-4A7C-8A21-2E831258C0DC}.Release|x86.ActiveCfg = Release|Win32
		{EC5E0F9F-E6EF-4A7C-8A21-2E831258C0DC}.Release|x86.Build.0 = Release|Win32
	EndGlobalSection
	GlobalSection(SolutionProperties) = preSolution
		HideSolutionNode = FALSE
	EndGlobalSection
EndGlobal
