
Microsoft Visual Studio Solution File, Format Version 12.00
# Visual Studio 14
VisualStudioVersion = 14.0.25420.1
MinimumVisualStudioVersion = 10.0.40219.1
Project("{8BC9CEB8-8B4A-11D0-8D11-00A0C91BC942}") = "UE1", "Project1\Project1.vcxproj", "{593183F1-EF64-49FE-9722-78D1A15A53E7}"
EndProject
Project("{8BC9CEB8-8B4A-11D0-8D11-00A0C91BC942}") = "UE2", "UE2\UE2.vcxproj", "{F0366F46-BE3C-410E-B2CE-95076994BF5A}"
EndProject
Project("{8BC9CEB8-8B4A-11D0-8D11-00A0C91BC942}") = "UE3", "UE3\UE3.vcxproj", "{F6182E7F-755D-49C7-90A5-332ECC382D8D}"
EndProject
Project("{8BC9CEB8-8B4A-11D0-8D11-00A0C91BC942}") = "UE4", "UE4\UE4.vcxproj", "{F8214716-0122-4B05-B1F8-2A5F14DBAF96}"
EndProject
Project("{8BC9CEB8-8B4A-11D0-8D11-00A0C91BC942}") = "tictactoe", "tictactoe\tictactoe.vcxproj", "{EC5E0F9F-E6EF-4A7C-8A21-2E831258C0DC}"
EndProject
Project("{8BC9CEB8-8B4A-11D0-8D11-00A0C91BC942}") = "UE4_Eratosthenes", "UE4_Eratosthenes\UE4_Eratosthenes.vcxproj", "{52326F49-3CBF-4ABA-849F-3D361F752553}"
EndProject
Project("{8BC9CEB8-8B4A-11D0-8D11-00A0C91BC942}") = "UE5", "UE5\UE5.vcxproj", "{1E4EE150-FE7B-465B-96B6-1CFC4E572DE5}"
EndProject
Project("{8BC9CEB8-8B4A-11D0-8D11-00A0C91BC942}") = "UE6", "UE6\UE6.vcxproj", "{8AC4A0BF-56F8-410D-8829-FDE69DE3DF53}"
EndProject
Project("{8BC9CEB8-8B4A-11D0-8D11-00A0C91BC942}") = "UE7", "UE7\UE7.vcxproj", "{76259FA4-94AF-4329-8675-2DEE085B11E3}"
EndProject
Project("{8BC9CEB8-8B4A-11D0-8D11-00A0C91BC942}") = "UE8", "Project2\Project2.vcxproj", "{3F132020-B944-4C0F-A10F-087261065DE3}"
EndProject
Project("{8BC9CEB8-8B4A-11D0-8D11-00A0C91BC942}") = "UE9", "UE9\UE9.vcxproj", "{115AB92A-9224-4D92-B21E-F9A1B12CA892}"
EndProject
Project("{8BC9CEB8-8B4A-11D0-8D11-00A0C91BC942}") = "Zeichenkette", "Zeichenkette\Zeichenkette.vcxproj", "{F53598AA-A10A-469F-8D43-6F68658EA807}"
EndProject
Project("{8BC9CEB8-8B4A-11D0-8D11-00A0C91BC942}") = "Strukturen", "Project3\Project3.vcxproj", "{9F7DF1D6-379D-4B9E-8A71-8BB823DD7BEB}"
EndProject
Project("{8BC9CEB8-8B4A-11D0-8D11-00A0C91BC942}") = "Aufgabe7", "Aufgabe7\Aufgabe7.vcxproj", "{9BF32E0F-8A6B-4F62-BEF7-345483EC460F}"
EndProject
Global
	GlobalSection(SolutionConfigurationPlatforms) = preSolution
		Debug|x64 = Debug|x64
		Debug|x86 = Debug|x86
		Release|x64 = Release|x64
		Release|x86 = Release|x86
	EndGlobalSection
	GlobalSection(ProjectConfigurationPlatforms) = postSolution
		{593183F1-EF64-49FE-9722-78D1A15A53E7}.Debug|x64.ActiveCfg = Debug|x64
		{593183F1-EF64-49FE-9722-78D1A15A53E7}.Debug|x64.Build.0 = Debug|x64
		{593183F1-EF64-49FE-9722-78D1A15A53E7}.Debug|x86.ActiveCfg = Debug|Win32
		{593183F1-EF64-49FE-9722-78D1A15A53E7}.Debug|x86.Build.0 = Debug|Win32
		{593183F1-EF64-49FE-9722-78D1A15A53E7}.Release|x64.ActiveCfg = Release|x64
		{593183F1-EF64-49FE-9722-78D1A15A53E7}.Release|x64.Build.0 = Release|x64
		{593183F1-EF64-49FE-9722-78D1A15A53E7}.Release|x86.ActiveCfg = Release|Win32
		{593183F1-EF64-49FE-9722-78D1A15A53E7}.Release|x86.Build.0 = Release|Win32
		{F0366F46-BE3C-410E-B2CE-95076994BF5A}.Debug|x64.ActiveCfg = Debug|x64
		{F0366F46-BE3C-410E-B2CE-95076994BF5A}.Debug|x64.Build.0 = Debug|x64
		{F0366F46-BE3C-410E-B2CE-95076994BF5A}.Debug|x86.ActiveCfg = Debug|Win32
		{F0366F46-BE3C-410E-B2CE-95076994BF5A}.Debug|x86.Build.0 = Debug|Win32
		{F0366F46-BE3C-410E-B2CE-95076994BF5A}.Release|x64.ActiveCfg = Release|x64
		{F0366F46-BE3C-410E-B2CE-95076994BF5A}.Release|x64.Build.0 = Release|x64
		{F0366F46-BE3C-410E-B2CE-95076994BF5A}.Release|x86.ActiveCfg = Release|Win32
		{F0366F46-BE3C-410E-B2CE-95076994BF5A}.Release|x86.Build.0 = Release|Win32
		{F6182E7F-755D-49C7-90A5-332ECC382D8D}.Debug|x64.ActiveCfg = Debug|x64
		{F6182E7F-755D-49C7-90A5-332ECC382D8D}.Debug|x64.Build.0 = Debug|x64
		{F6182E7F-755D-49C7-90A5-332ECC382D8D}.Debug|x86.ActiveCfg = Debug|Win32
		{F6182E7F-755D-49C7-90A5-332ECC382D8D}.Debug|x86.Build.0 = Debug|Win32
		{F6182E7F-755D-49C7-90A5-332ECC382D8D}.Release|x64.ActiveCfg = Release|x64
		{F6182E7F-755D-49C7-90A5-332ECC382D8D}.Release|x64.Build.0 = Release|x64
		{F6182E7F-755D-49C7-90A5-332ECC382D8D}.Release|x86.ActiveCfg = Release|Win32
		{F6182E7F-755D-49C7-90A5-332ECC382D8D}.Release|x86.Build.0 = Release|Win32
		{F8214716-0122-4B05-B1F8-2A5F14DBAF96}.Debug|x64.ActiveCfg = Debug|x64
		{F8214716-0122-4B05-B1F8-2A5F14DBAF96}.Debug|x64.Build.0 = Debug|x64
		{F8214716-0122-4B05-B1F8-2A5F14DBAF96}.Debug|x86.ActiveCfg = Debug|Win32
		{F8214716-0122-4B05-B1F8-2A5F14DBAF96}.Debug|x86.Build.0 = Debug|Win32
		{F8214716-0122-4B05-B1F8-2A5F14DBAF96}.Release|x64.ActiveCfg = Release|x64
		{F8214716-0122-4B05-B1F8-2A5F14DBAF96}.Release|x64.Build.0 = Release|x64
		{F8214716-0122-4B05-B1F8-2A5F14DBAF96}.Release|x86.ActiveCfg = Release|Win32
		{F8214716-0122-4B05-B1F8-2A5F14DBAF96}.Release|x86.Build.0 = Release|Win32
		{EC5E0F9F-E6EF-4A7C-8A21-2E831258C0DC}.Debug|x64.ActiveCfg = Debug|x64
		{EC5E0F9F-E6EF-4A7C-8A21-2E831258C0DC}.Debug|x64.Build.0 = Debug|x64
		{EC5E0F9F-E6EF-4A7C-8A21-2E831258C0DC}.Debug|x86.ActiveCfg = Debug|Win32
		{EC5E0F9F-E6EF-4A7C-8A21-2E831258C0DC}.Debug|x86.Build.0 = Debug|Win32
		{EC5E0F9F-E6EF-4A7C-8A21-2E831258C0DC}.Release|x64.ActiveCfg = Release|x64
		{EC5E0F9F-E6EF-4A7C-8A21-2E831258C0DC}.Release|x64.Build.0 = Release|x64
		{EC5E0F9F-E6EF-4A7C-8A21-2E831258C0DC}.Release|x86.ActiveCfg = Release|Win32
		{EC5E0F9F-E6EF-4A7C-8A21-2E831258C0DC}.Release|x86.Build.0 = Release|Win32
		{52326F49-3CBF-4ABA-849F-3D361F752553}.Debug|x64.ActiveCfg = Debug|x64
		{52326F49-3CBF-4ABA-849F-3D361F752553}.Debug|x64.Build.0 = Debug|x64
		{52326F49-3CBF-4ABA-849F-3D361F752553}.Debug|x86.ActiveCfg = Debug|Win32
		{52326F49-3CBF-4ABA-849F-3D361F752553}.Debug|x86.Build.0 = Debug|Win32
		{52326F49-3CBF-4ABA-849F-3D361F752553}.Release|x64.ActiveCfg = Release|x64
		{52326F49-3CBF-4ABA-849F-3D361F752553}.Release|x64.Build.0 = Release|x64
		{52326F49-3CBF-4ABA-849F-3D361F752553}.Release|x86.ActiveCfg = Release|Win32
		{52326F49-3CBF-4ABA-849F-3D361F752553}.Release|x86.Build.0 = Release|Win32
		{1E4EE150-FE7B-465B-96B6-1CFC4E572DE5}.Debug|x64.ActiveCfg = Debug|x64
		{1E4EE150-FE7B-465B-96B6-1CFC4E572DE5}.Debug|x64.Build.0 = Debug|x64
		{1E4EE150-FE7B-465B-96B6-1CFC4E572DE5}.Debug|x86.ActiveCfg = Debug|Win32
		{1E4EE150-FE7B-465B-96B6-1CFC4E572DE5}.Debug|x86.Build.0 = Debug|Win32
		{1E4EE150-FE7B-465B-96B6-1CFC4E572DE5}.Release|x64.ActiveCfg = Release|x64
		{1E4EE150-FE7B-465B-96B6-1CFC4E572DE5}.Release|x64.Build.0 = Release|x64
		{1E4EE150-FE7B-465B-96B6-1CFC4E572DE5}.Release|x86.ActiveCfg = Release|Win32
		{1E4EE150-FE7B-465B-96B6-1CFC4E572DE5}.Release|x86.Build.0 = Release|Win32
		{8AC4A0BF-56F8-410D-8829-FDE69DE3DF53}.Debug|x64.ActiveCfg = Debug|x64
		{8AC4A0BF-56F8-410D-8829-FDE69DE3DF53}.Debug|x64.Build.0 = Debug|x64
		{8AC4A0BF-56F8-410D-8829-FDE69DE3DF53}.Debug|x86.ActiveCfg = Debug|Win32
		{8AC4A0BF-56F8-410D-8829-FDE69DE3DF53}.Debug|x86.Build.0 = Debug|Win32
		{8AC4A0BF-56F8-410D-8829-FDE69DE3DF53}.Release|x64.ActiveCfg = Release|x64
		{8AC4A0BF-56F8-410D-8829-FDE69DE3DF53}.Release|x64.Build.0 = Release|x64
		{8AC4A0BF-56F8-410D-8829-FDE69DE3DF53}.Release|x86.ActiveCfg = Release|Win32
		{8AC4A0BF-56F8-410D-8829-FDE69DE3DF53}.Release|x86.Build.0 = Release|Win32
		{76259FA4-94AF-4329-8675-2DEE085B11E3}.Debug|x64.ActiveCfg = Debug|x64
		{76259FA4-94AF-4329-8675-2DEE085B11E3}.Debug|x64.Build.0 = Debug|x64
		{76259FA4-94AF-4329-8675-2DEE085B11E3}.Debug|x86.ActiveCfg = Debug|Win32
		{76259FA4-94AF-4329-8675-2DEE085B11E3}.Debug|x86.Build.0 = Debug|Win32
		{76259FA4-94AF-4329-8675-2DEE085B11E3}.Release|x64.ActiveCfg = Release|x64
		{76259FA4-94AF-4329-8675-2DEE085B11E3}.Release|x64.Build.0 = Release|x64
		{76259FA4-94AF-4329-8675-2DEE085B11E3}.Release|x86.ActiveCfg = Release|Win32
		{76259FA4-94AF-4329-8675-2DEE085B11E3}.Release|x86.Build.0 = Release|Win32
		{3F132020-B944-4C0F-A10F-087261065DE3}.Debug|x64.ActiveCfg = Debug|x64
		{3F132020-B944-4C0F-A10F-087261065DE3}.Debug|x64.Build.0 = Debug|x64
		{3F132020-B944-4C0F-A10F-087261065DE3}.Debug|x86.ActiveCfg = Debug|Win32
		{3F132020-B944-4C0F-A10F-087261065DE3}.Debug|x86.Build.0 = Debug|Win32
		{3F132020-B944-4C0F-A10F-087261065DE3}.Release|x64.ActiveCfg = Release|x64
		{3F132020-B944-4C0F-A10F-087261065DE3}.Release|x64.Build.0 = Release|x64
		{3F132020-B944-4C0F-A10F-087261065DE3}.Release|x86.ActiveCfg = Release|Win32
		{3F132020-B944-4C0F-A10F-087261065DE3}.Release|x86.Build.0 = Release|Win32
		{115AB92A-9224-4D92-B21E-F9A1B12CA892}.Debug|x64.ActiveCfg = Debug|x64
		{115AB92A-9224-4D92-B21E-F9A1B12CA892}.Debug|x64.Build.0 = Debug|x64
		{115AB92A-9224-4D92-B21E-F9A1B12CA892}.Debug|x86.ActiveCfg = Debug|Win32
		{115AB92A-9224-4D92-B21E-F9A1B12CA892}.Debug|x86.Build.0 = Debug|Win32
		{115AB92A-9224-4D92-B21E-F9A1B12CA892}.Release|x64.ActiveCfg = Release|x64
		{115AB92A-9224-4D92-B21E-F9A1B12CA892}.Release|x64.Build.0 = Release|x64
		{115AB92A-9224-4D92-B21E-F9A1B12CA892}.Release|x86.ActiveCfg = Release|Win32
		{115AB92A-9224-4D92-B21E-F9A1B12CA892}.Release|x86.Build.0 = Release|Win32
		{F53598AA-A10A-469F-8D43-6F68658EA807}.Debug|x64.ActiveCfg = Debug|x64
		{F53598AA-A10A-469F-8D43-6F68658EA807}.Debug|x64.Build.0 = Debug|x64
		{F53598AA-A10A-469F-8D43-6F68658EA807}.Debug|x86.ActiveCfg = Debug|Win32
		{F53598AA-A10A-469F-8D43-6F68658EA807}.Debug|x86.Build.0 = Debug|Win32
		{F53598AA-A10A-469F-8D43-6F68658EA807}.Release|x64.ActiveCfg = Release|x64
		{F53598AA-A10A-469F-8D43-6F68658EA807}.Release|x64.Build.0 = Release|x64
		{F53598AA-A10A-469F-8D43-6F68658EA807}.Release|x86.ActiveCfg = Release|Win32
		{F53598AA-A10A-469F-8D43-6F68658EA807}.Release|x86.Build.0 = Release|Win32
		{9F7DF1D6-379D-4B9E-8A71-8BB823DD7BEB}.Debug|x64.ActiveCfg = Debug|x64
		{9F7DF1D6-379D-4B9E-8A71-8BB823DD7BEB}.Debug|x64.Build.0 = Debug|x64
		{9F7DF1D6-379D-4B9E-8A71-8BB823DD7BEB}.Debug|x86.ActiveCfg = Debug|Win32
		{9F7DF1D6-379D-4B9E-8A71-8BB823DD7BEB}.Debug|x86.Build.0 = Debug|Win32
		{9F7DF1D6-379D-4B9E-8A71-8BB823DD7BEB}.Release|x64.ActiveCfg = Release|x64
		{9F7DF1D6-379D-4B9E-8A71-8BB823DD7BEB}.Release|x64.Build.0 = Release|x64
		{9F7DF1D6-379D-4B9E-8A71-8BB823DD7BEB}.Release|x86.ActiveCfg = Release|Win32
		{9F7DF1D6-379D-4B9E-8A71-8BB823DD7BEB}.Release|x86.Build.0 = Release|Win32
		{9BF32E0F-8A6B-4F62-BEF7-345483EC460F}.Debug|x64.ActiveCfg = Debug|x64
		{9BF32E0F-8A6B-4F62-BEF7-345483EC460F}.Debug|x64.Build.0 = Debug|x64
		{9BF32E0F-8A6B-4F62-BEF7-345483EC460F}.Debug|x86.ActiveCfg = Debug|Win32
		{9BF32E0F-8A6B-4F62-BEF7-345483EC460F}.Debug|x86.Build.0 = Debug|Win32
		{9BF32E0F-8A6B-4F62-BEF7-345483EC460F}.Release|x64.ActiveCfg = Release|x64
		{9BF32E0F-8A6B-4F62-BEF7-345483EC460F}.Release|x64.Build.0 = Release|x64
		{9BF32E0F-8A6B-4F62-BEF7-345483EC460F}.Release|x86.ActiveCfg = Release|Win32
		{9BF32E0F-8A6B-4F62-BEF7-345483EC460F}.Release|x86.Build.0 = Release|Win32
	EndGlobalSection
	GlobalSection(SolutionProperties) = preSolution
		HideSolutionNode = FALSE
	EndGlobalSection
EndGlobal
